
Microsoft Visual Studio Solution File, Format Version 12.00
# Visual Studio Version 16
VisualStudioVersion = 16.0.30804.86
MinimumVisualStudioVersion = 10.0.40219.1
Project("{9A19103F-16F7-4668-BE54-9A1E7A4F7556}") = "NumberProcessing", "NumberProcessing\NumberProcessing.csproj", "{FD3FD13B-F118-4466-B20B-994F07F0E27B}"
EndProject
Project("{9A19103F-16F7-4668-BE54-9A1E7A4F7556}") = "NumberProcessing.Units", "NumberProcessing.Units\NumberProcessing.Units.csproj", "{E0EAA128-684D-4A55-A21C-25A3C4DD44C0}"
EndProject
Global
	GlobalSection(SolutionConfigurationPlatforms) = preSolution
		Debug|Any CPU = Debug|Any CPU
		Release|Any CPU = Release|Any CPU
	EndGlobalSection
	GlobalSection(ProjectConfigurationPlatforms) = postSolution
		{FD3FD13B-F118-4466-B20B-994F07F0E27B}.Debug|Any CPU.ActiveCfg = Debug|Any CPU
		{FD3FD13B-F118-4466-B20B-994F07F0E27B}.Debug|Any CPU.Build.0 = Debug|Any CPU
		{FD3FD13B-F118-4466-B20B-994F07F0E27B}.Release|Any CPU.ActiveCfg = Release|Any CPU
		{FD3FD13B-F118-4466-B20B-994F07F0E27B}.Release|Any CPU.Build.0 = Release|Any CPU
		{E0EAA128-684D-4A55-A21C-25A3C4DD44C0}.Debug|Any CPU.ActiveCfg = Debug|Any CPU
		{E0EAA128-684D-4A55-A21C-25A3C4DD44C0}.Debug|Any CPU.Build.0 = Debug|Any CPU
		{E0EAA128-684D-4A55-A21C-25A3C4DD44C0}.Release|Any CPU.ActiveCfg = Release|Any CPU
		{E0EAA128-684D-4A55-A21C-25A3C4DD44C0}.Release|Any CPU.Build.0 = Release|Any CPU
	EndGlobalSection
	GlobalSection(SolutionProperties) = preSolution
		HideSolutionNode = FALSE
	EndGlobalSection
	GlobalSection(ExtensibilityGlobals) = postSolution
		SolutionGuid = {D55D026B-E1F1-410D-BFDF-AD2D4644958D}
	EndGlobalSection
EndGlobal
